// !$*UTF8*$!
{
	archiveVersion = 1;
	classes = {
	};
	objectVersion = 46;
	objects = {

/* Begin PBXBuildFile section */
		E88D717A1C7526420069AF05 /* AppDelegate.swift in Sources */ = {isa = PBXBuildFile; fileRef = E88D71791C7526420069AF05 /* AppDelegate.swift */; };
		E88D717C1C7526420069AF05 /* ViewController.swift in Sources */ = {isa = PBXBuildFile; fileRef = E88D717B1C7526420069AF05 /* ViewController.swift */; };
		E88D717F1C7526420069AF05 /* Main.storyboard in Resources */ = {isa = PBXBuildFile; fileRef = E88D717D1C7526420069AF05 /* Main.storyboard */; };
		E88D71811C7526420069AF05 /* Assets.xcassets in Resources */ = {isa = PBXBuildFile; fileRef = E88D71801C7526420069AF05 /* Assets.xcassets */; };
		E88D71841C7526420069AF05 /* LaunchScreen.storyboard in Resources */ = {isa = PBXBuildFile; fileRef = E88D71821C7526420069AF05 /* LaunchScreen.storyboard */; };
		E88D718F1C7526420069AF05 /* HelloDemoIosTests.swift in Sources */ = {isa = PBXBuildFile; fileRef = E88D718E1C7526420069AF05 /* HelloDemoIosTests.swift */; };
		E88D719A1C7526420069AF05 /* HelloDemoIosUITests.swift in Sources */ = {isa = PBXBuildFile; fileRef = E88D71991C7526420069AF05 /* HelloDemoIosUITests.swift */; };
/* End PBXBuildFile section */

/* Begin PBXContainerItemProxy section */
		E88D718B1C7526420069AF05 /* PBXContainerItemProxy */ = {
			isa = PBXContainerItemProxy;
			containerPortal = E88D716E1C7526420069AF05 /* Project object */;
			proxyType = 1;
			remoteGlobalIDString = E88D71751C7526420069AF05;
			remoteInfo = HelloDemoIos;
		};
		E88D71961C7526420069AF05 /* PBXContainerItemProxy */ = {
			isa = PBXContainerItemProxy;
			containerPortal = E88D716E1C7526420069AF05 /* Project object */;
			proxyType = 1;
			remoteGlobalIDString = E88D71751C7526420069AF05;
			remoteInfo = HelloDemoIos;
		};
/* End PBXContainerItemProxy section */

/* Begin PBXFileReference section */
		E88D71761C7526420069AF05 /* HelloDemoIos.app */ = {isa = PBXFileReference; explicitFileType = wrapper.application; includeInIndex = 0; path = HelloDemoIos.app; sourceTree = BUILT_PRODUCTS_DIR; };
		E88D71791C7526420069AF05 /* AppDelegate.swift */ = {isa = PBXFileReference; lastKnownFileType = sourcecode.swift; path = AppDelegate.swift; sourceTree = "<group>"; };
		E88D717B1C7526420069AF05 /* ViewController.swift */ = {isa = PBXFileReference; lastKnownFileType = sourcecode.swift; path = ViewController.swift; sourceTree = "<group>"; };
		E88D717E1C7526420069AF05 /* Base */ = {isa = PBXFileReference; lastKnownFileType = file.storyboard; name = Base; path = Base.lproj/Main.storyboard; sourceTree = "<group>"; };
		E88D71801C7526420069AF05 /* Assets.xcassets */ = {isa = PBXFileReference; lastKnownFileType = folder.assetcatalog; path = Assets.xcassets; sourceTree = "<group>"; };
		E88D71831C7526420069AF05 /* Base */ = {isa = PBXFileReference; lastKnownFileType = file.storyboard; name = Base; path = Base.lproj/LaunchScreen.storyboard; sourceTree = "<group>"; };
		E88D71851C7526420069AF05 /* Info.plist */ = {isa = PBXFileReference; lastKnownFileType = text.plist.xml; path = Info.plist; sourceTree = "<group>"; };
		E88D718A1C7526420069AF05 /* HelloDemoIosTests.xctest */ = {isa = PBXFileReference; explicitFileType = wrapper.cfbundle; includeInIndex = 0; path = HelloDemoIosTests.xctest; sourceTree = BUILT_PRODUCTS_DIR; };
		E88D718E1C7526420069AF05 /* HelloDemoIosTests.swift */ = {isa = PBXFileReference; lastKnownFileType = sourcecode.swift; path = HelloDemoIosTests.swift; sourceTree = "<group>"; };
		E88D71901C7526420069AF05 /* Info.plist */ = {isa = PBXFileReference; lastKnownFileType = text.plist.xml; path = Info.plist; sourceTree = "<group>"; };
		E88D71951C7526420069AF05 /* HelloDemoIosUITests.xctest */ = {isa = PBXFileReference; explicitFileType = wrapper.cfbundle; includeInIndex = 0; path = HelloDemoIosUITests.xctest; sourceTree = BUILT_PRODUCTS_DIR; };
		E88D71991C7526420069AF05 /* HelloDemoIosUITests.swift */ = {isa = PBXFileReference; lastKnownFileType = sourcecode.swift; path = HelloDemoIosUITests.swift; sourceTree = "<group>"; };
		E88D719B1C7526420069AF05 /* Info.plist */ = {isa = PBXFileReference; lastKnownFileType = text.plist.xml; path = Info.plist; sourceTree = "<group>"; };
/* End PBXFileReference section */

/* Begin PBXFrameworksBuildPhase section */
		E88D71731C7526420069AF05 /* Frameworks */ = {
			isa = PBXFrameworksBuildPhase;
			buildActionMask = 2147483647;
			files = (
			);
			runOnlyForDeploymentPostprocessing = 0;
		};
		E88D71871C7526420069AF05 /* Frameworks */ = {
			isa = PBXFrameworksBuildPhase;
			buildActionMask = 2147483647;
			files = (
			);
			runOnlyForDeploymentPostprocessing = 0;
		};
		E88D71921C7526420069AF05 /* Frameworks */ = {
			isa = PBXFrameworksBuildPhase;
			buildActionMask = 2147483647;
			files = (
			);
			runOnlyForDeploymentPostprocessing = 0;
		};
/* End PBXFrameworksBuildPhase section */

/* Begin PBXGroup section */
		E88D716D1C7526420069AF05 = {
			isa = PBXGroup;
			children = (
				E88D71781C7526420069AF05 /* HelloDemoIos */,
				E88D718D1C7526420069AF05 /* HelloDemoIosTests */,
				E88D71981C7526420069AF05 /* HelloDemoIosUITests */,
				E88D71771C7526420069AF05 /* Products */,
			);
			sourceTree = "<group>";
		};
		E88D71771C7526420069AF05 /* Products */ = {
			isa = PBXGroup;
			children = (
				E88D71761C7526420069AF05 /* HelloDemoIos.app */,
				E88D718A1C7526420069AF05 /* HelloDemoIosTests.xctest */,
				E88D71951C7526420069AF05 /* HelloDemoIosUITests.xctest */,
			);
			name = Products;
			sourceTree = "<group>";
		};
		E88D71781C7526420069AF05 /* HelloDemoIos */ = {
			isa = PBXGroup;
			children = (
				E88D71791C7526420069AF05 /* AppDelegate.swift */,
				E88D717B1C7526420069AF05 /* ViewController.swift */,
				E88D717D1C7526420069AF05 /* Main.storyboard */,
				E88D71801C7526420069AF05 /* Assets.xcassets */,
				E88D71821C7526420069AF05 /* LaunchScreen.storyboard */,
				E88D71851C7526420069AF05 /* Info.plist */,
			);
			path = HelloDemoIos;
			sourceTree = "<group>";
		};
		E88D718D1C7526420069AF05 /* HelloDemoIosTests */ = {
			isa = PBXGroup;
			children = (
				E88D718E1C7526420069AF05 /* HelloDemoIosTests.swift */,
				E88D71901C7526420069AF05 /* Info.plist */,
			);
			path = HelloDemoIosTests;
			sourceTree = "<group>";
		};
		E88D71981C7526420069AF05 /* HelloDemoIosUITests */ = {
			isa = PBXGroup;
			children = (
				E88D71991C7526420069AF05 /* HelloDemoIosUITests.swift */,
				E88D719B1C7526420069AF05 /* Info.plist */,
			);
			path = HelloDemoIosUITests;
			sourceTree = "<group>";
		};
/* End PBXGroup section */

/* Begin PBXNativeTarget section */
		E88D71751C7526420069AF05 /* HelloDemoIos */ = {
			isa = PBXNativeTarget;
			buildConfigurationList = E88D719E1C7526420069AF05 /* Build configuration list for PBXNativeTarget "HelloDemoIos" */;
			buildPhases = (
				E88D71721C7526420069AF05 /* Sources */,
				E88D71731C7526420069AF05 /* Frameworks */,
				E88D71741C7526420069AF05 /* Resources */,
			);
			buildRules = (
			);
			dependencies = (
			);
			name = HelloDemoIos;
			productName = HelloDemoIos;
			productReference = E88D71761C7526420069AF05 /* HelloDemoIos.app */;
			productType = "com.apple.product-type.application";
		};
		E88D71891C7526420069AF05 /* HelloDemoIosTests */ = {
			isa = PBXNativeTarget;
			buildConfigurationList = E88D71A11C7526420069AF05 /* Build configuration list for PBXNativeTarget "HelloDemoIosTests" */;
			buildPhases = (
				E88D71861C7526420069AF05 /* Sources */,
				E88D71871C7526420069AF05 /* Frameworks */,
				E88D71881C7526420069AF05 /* Resources */,
			);
			buildRules = (
			);
			dependencies = (
				E88D718C1C7526420069AF05 /* PBXTargetDependency */,
			);
			name = HelloDemoIosTests;
			productName = HelloDemoIosTests;
			productReference = E88D718A1C7526420069AF05 /* HelloDemoIosTests.xctest */;
			productType = "com.apple.product-type.bundle.unit-test";
		};
		E88D71941C7526420069AF05 /* HelloDemoIosUITests */ = {
			isa = PBXNativeTarget;
			buildConfigurationList = E88D71A41C7526420069AF05 /* Build configuration list for PBXNativeTarget "HelloDemoIosUITests" */;
			buildPhases = (
				E88D71911C7526420069AF05 /* Sources */,
				E88D71921C7526420069AF05 /* Frameworks */,
				E88D71931C7526420069AF05 /* Resources */,
			);
			buildRules = (
			);
			dependencies = (
				E88D71971C7526420069AF05 /* PBXTargetDependency */,
			);
			name = HelloDemoIosUITests;
			productName = HelloDemoIosUITests;
			productReference = E88D71951C7526420069AF05 /* HelloDemoIosUITests.xctest */;
			productType = "com.apple.product-type.bundle.ui-testing";
		};
/* End PBXNativeTarget section */

/* Begin PBXProject section */
		E88D716E1C7526420069AF05 /* Project object */ = {
			isa = PBXProject;
			attributes = {
				LastSwiftUpdateCheck = 0730;
				LastUpgradeCheck = 0730;
				ORGANIZATIONNAME = "JM Tech";
				TargetAttributes = {
					E88D71751C7526420069AF05 = {
						CreatedOnToolsVersion = 7.3;
					};
					E88D71891C7526420069AF05 = {
						CreatedOnToolsVersion = 7.3;
						TestTargetID = E88D71751C7526420069AF05;
					};
					E88D71941C7526420069AF05 = {
						CreatedOnToolsVersion = 7.3;
						TestTargetID = E88D71751C7526420069AF05;
					};
				};
			};
			buildConfigurationList = E88D71711C7526420069AF05 /* Build configuration list for PBXProject "HelloDemoIos" */;
			compatibilityVersion = "Xcode 3.2";
			developmentRegion = English;
			hasScannedForEncodings = 0;
			knownRegions = (
				en,
				Base,
			);
			mainGroup = E88D716D1C7526420069AF05;
			productRefGroup = E88D71771C7526420069AF05 /* Products */;
			projectDirPath = "";
			projectRoot = "";
			targets = (
				E88D71751C7526420069AF05 /* HelloDemoIos */,
				E88D71891C7526420069AF05 /* HelloDemoIosTests */,
				E88D71941C7526420069AF05 /* HelloDemoIosUITests */,
			);
		};
/* End PBXProject section */

/* Begin PBXResourcesBuildPhase section */
		E88D71741C7526420069AF05 /* Resources */ = {
			isa = PBXResourcesBuildPhase;
			buildActionMask = 2147483647;
			files = (
				E88D71841C7526420069AF05 /* LaunchScreen.storyboard in Resources */,
				E88D71811C7526420069AF05 /* Assets.xcassets in Resources */,
				E88D717F1C7526420069AF05 /* Main.storyboard in Resources */,
			);
			runOnlyForDeploymentPostprocessing = 0;
		};
		E88D71881C7526420069AF05 /* Resources */ = {
			isa = PBXResourcesBuildPhase;
			buildActionMask = 2147483647;
			files = (
			);
			runOnlyForDeploymentPostprocessing = 0;
		};
		E88D71931C7526420069AF05 /* Resources */ = {
			isa = PBXResourcesBuildPhase;
			buildActionMask = 2147483647;
			files = (
			);
			runOnlyForDeploymentPostprocessing = 0;
		};
/* End PBXResourcesBuildPhase section */

/* Begin PBXSourcesBuildPhase section */
		E88D71721C7526420069AF05 /* Sources */ = {
			isa = PBXSourcesBuildPhase;
			buildActionMask = 2147483647;
			files = (
				E88D717C1C7526420069AF05 /* ViewController.swift in Sources */,
				E88D717A1C7526420069AF05 /* AppDelegate.swift in Sources */,
			);
			runOnlyForDeploymentPostprocessing = 0;
		};
		E88D71861C7526420069AF05 /* Sources */ = {
			isa = PBXSourcesBuildPhase;
			buildActionMask = 2147483647;
			files = (
				E88D718F1C7526420069AF05 /* HelloDemoIosTests.swift in Sources */,
			);
			runOnlyForDeploymentPostprocessing = 0;
		};
		E88D71911C7526420069AF05 /* Sources */ = {
			isa = PBXSourcesBuildPhase;
			buildActionMask = 2147483647;
			files = (
				E88D719A1C7526420069AF05 /* HelloDemoIosUITests.swift in Sources */,
			);
			runOnlyForDeploymentPostprocessing = 0;
		};
/* End PBXSourcesBuildPhase section */

/* Begin PBXTargetDependency section */
		E88D718C1C7526420069AF05 /* PBXTargetDependency */ = {
			isa = PBXTargetDependency;
			target = E88D71751C7526420069AF05 /* HelloDemoIos */;
			targetProxy = E88D718B1C7526420069AF05 /* PBXContainerItemProxy */;
		};
		E88D71971C7526420069AF05 /* PBXTargetDependency */ = {
			isa = PBXTargetDependency;
			target = E88D71751C7526420069AF05 /* HelloDemoIos */;
			targetProxy = E88D71961C7526420069AF05 /* PBXContainerItemProxy */;
		};
/* End PBXTargetDependency section */

/* Begin PBXVariantGroup section */
		E88D717D1C7526420069AF05 /* Main.storyboard */ = {
			isa = PBXVariantGroup;
			children = (
				E88D717E1C7526420069AF05 /* Base */,
			);
			name = Main.storyboard;
			sourceTree = "<group>";
		};
		E88D71821C7526420069AF05 /* LaunchScreen.storyboard */ = {
			isa = PBXVariantGroup;
			children = (
				E88D71831C7526420069AF05 /* Base */,
			);
			name = LaunchScreen.storyboard;
			sourceTree = "<group>";
		};
/* End PBXVariantGroup section */

/* Begin XCBuildConfiguration section */
		E88D719C1C7526420069AF05 /* Debug */ = {
			isa = XCBuildConfiguration;
			buildSettings = {
				ALWAYS_SEARCH_USER_PATHS = NO;
				CLANG_ANALYZER_NONNULL = YES;
				CLANG_CXX_LANGUAGE_STANDARD = "gnu++0x";
				CLANG_CXX_LIBRARY = "libc++";
				CLANG_ENABLE_MODULES = YES;
				CLANG_ENABLE_OBJC_ARC = YES;
				CLANG_WARN_BOOL_CONVERSION = YES;
				CLANG_WARN_CONSTANT_CONVERSION = YES;
				CLANG_WARN_DIRECT_OBJC_ISA_USAGE = YES_ERROR;
				CLANG_WARN_EMPTY_BODY = YES;
				CLANG_WARN_ENUM_CONVERSION = YES;
				CLANG_WARN_INT_CONVERSION = YES;
				CLANG_WARN_OBJC_ROOT_CLASS = YES_ERROR;
				CLANG_WARN_UNREACHABLE_CODE = YES;
				CLANG_WARN__DUPLICATE_METHOD_MATCH = YES;
				"CODE_SIGN_IDENTITY[sdk=iphoneos*]" = "iPhone Developer";
				COPY_PHASE_STRIP = NO;
				DEBUG_INFORMATION_FORMAT = dwarf;
				ENABLE_STRICT_OBJC_MSGSEND = YES;
				ENABLE_TESTABILITY = YES;
				GCC_C_LANGUAGE_STANDARD = gnu99;
				GCC_DYNAMIC_NO_PIC = NO;
				GCC_NO_COMMON_BLOCKS = YES;
				GCC_OPTIMIZATION_LEVEL = 0;
				GCC_PREPROCESSOR_DEFINITIONS = (
					"DEBUG=1",
					"$(inherited)",
				);
				GCC_WARN_64_TO_32_BIT_CONVERSION = YES;
				GCC_WARN_ABOUT_RETURN_TYPE = YES_ERROR;
				GCC_WARN_UNDECLARED_SELECTOR = YES;
				GCC_WARN_UNINITIALIZED_AUTOS = YES_AGGRESSIVE;
				GCC_WARN_UNUSED_FUNCTION = YES;
				GCC_WARN_UNUSED_VARIABLE = YES;
				IPHONEOS_DEPLOYMENT_TARGET = 9.3;
				MTL_ENABLE_DEBUG_INFO = YES;
				ONLY_ACTIVE_ARCH = YES;
				SDKROOT = iphoneos;
				SWIFT_OPTIMIZATION_LEVEL = "-Onone";
			};
			name = Debug;
		};
		E88D719D1C7526420069AF05 /* Release */ = {
			isa = XCBuildConfiguration;
			buildSettings = {
				ALWAYS_SEARCH_USER_PATHS = NO;
				CLANG_ANALYZER_NONNULL = YES;
				CLANG_CXX_LANGUAGE_STANDARD = "gnu++0x";
				CLANG_CXX_LIBRARY = "libc++";
				CLANG_ENABLE_MODULES = YES;
				CLANG_ENABLE_OBJC_ARC = YES;
				CLANG_WARN_BOOL_CONVERSION = YES;
				CLANG_WARN_CONSTANT_CONVERSION = YES;
				CLANG_WARN_DIRECT_OBJC_ISA_USAGE = YES_ERROR;
				CLANG_WARN_EMPTY_BODY = YES;
				CLANG_WARN_ENUM_CONVERSION = YES;
				CLANG_WARN_INT_CONVERSION = YES;
				CLANG_WARN_OBJC_ROOT_CLASS = YES_ERROR;
				CLANG_WARN_UNREACHABLE_CODE = YES;
				CLANG_WARN__DUPLICATE_METHOD_MATCH = YES;
				"CODE_SIGN_IDENTITY[sdk=iphoneos*]" = "iPhone Developer";
				COPY_PHASE_STRIP = NO;
				DEBUG_INFORMATION_FORMAT = "dwarf-with-dsym";
				ENABLE_NS_ASSERTIONS = NO;
				ENABLE_STRICT_OBJC_MSGSEND = YES;
				GCC_C_LANGUAGE_STANDARD = gnu99;
				GCC_NO_COMMON_BLOCKS = YES;
				GCC_WARN_64_TO_32_BIT_CONVERSION = YES;
				GCC_WARN_ABOUT_RETURN_TYPE = YES_ERROR;
				GCC_WARN_UNDECLARED_SELECTOR = YES;
				GCC_WARN_UNINITIALIZED_AUTOS = YES_AGGRESSIVE;
				GCC_WARN_UNUSED_FUNCTION = YES;
				GCC_WARN_UNUSED_VARIABLE = YES;
				IPHONEOS_DEPLOYMENT_TARGET = 9.3;
				MTL_ENABLE_DEBUG_INFO = NO;
				SDKROOT = iphoneos;
				VALIDATE_PRODUCT = YES;
			};
			name = Release;
		};
		E88D719F1C7526420069AF05 /* Debug */ = {
			isa = XCBuildConfiguration;
			buildSettings = {
				ASSETCATALOG_COMPILER_APPICON_NAME = AppIcon;
				INFOPLIST_FILE = HelloDemoIos/Info.plist;
				LD_RUNPATH_SEARCH_PATHS = "$(inherited) @executable_path/Frameworks";
				PRODUCT_BUNDLE_IDENTIFIER = com.jm.HelloDemoIos;
				PRODUCT_NAME = "$(TARGET_NAME)";
			};
			name = Debug;
		};
		E88D71A01C7526420069AF05 /* Release */ = {
			isa = XCBuildConfiguration;
			buildSettings = {
				ASSETCATALOG_COMPILER_APPICON_NAME = AppIcon;
				INFOPLIST_FILE = HelloDemoIos/Info.plist;
				LD_RUNPATH_SEARCH_PATHS = "$(inherited) @executable_path/Frameworks";
				PRODUCT_BUNDLE_IDENTIFIER = com.jm.HelloDemoIos;
				PRODUCT_NAME = "$(TARGET_NAME)";
			};
			name = Release;
		};
		E88D71A21C7526420069AF05 /* Debug */ = {
			isa = XCBuildConfiguration;
			buildSettings = {
				BUNDLE_LOADER = "$(TEST_HOST)";
				INFOPLIST_FILE = HelloDemoIosTests/Info.plist;
				LD_RUNPATH_SEARCH_PATHS = "$(inherited) @executable_path/Frameworks @loader_path/Frameworks";
				PRODUCT_BUNDLE_IDENTIFIER = com.jm.HelloDemoIosTests;
				PRODUCT_NAME = "$(TARGET_NAME)";
				TEST_HOST = "$(BUILT_PRODUCTS_DIR)/HelloDemoIos.app/HelloDemoIos";
			};
			name = Debug;
		};
		E88D71A31C7526420069AF05 /* Release */ = {
			isa = XCBuildConfiguration;
			buildSettings = {
				BUNDLE_LOADER = "$(TEST_HOST)";
				INFOPLIST_FILE = HelloDemoIosTests/Info.plist;
				LD_RUNPATH_SEARCH_PATHS = "$(inherited) @executable_path/Frameworks @loader_path/Frameworks";
				PRODUCT_BUNDLE_IDENTIFIER = com.jm.HelloDemoIosTests;
				PRODUCT_NAME = "$(TARGET_NAME)";
				TEST_HOST = "$(BUILT_PRODUCTS_DIR)/HelloDemoIos.app/HelloDemoIos";
			};
			name = Release;
		};
		E88D71A51C7526420069AF05 /* Debug */ = {
			isa = XCBuildConfiguration;
			buildSettings = {
				INFOPLIST_FILE = HelloDemoIosUITests/Info.plist;
				LD_RUNPATH_SEARCH_PATHS = "$(inherited) @executable_path/Frameworks @loader_path/Frameworks";
				PRODUCT_BUNDLE_IDENTIFIER = com.jm.HelloDemoIosUITests;
				PRODUCT_NAME = "$(TARGET_NAME)";
				TEST_TARGET_NAME = HelloDemoIos;
			};
			name = Debug;
		};
		E88D71A61C7526420069AF05 /* Release */ = {
			isa = XCBuildConfiguration;
			buildSettings = {
				INFOPLIST_FILE = HelloDemoIosUITests/Info.plist;
				LD_RUNPATH_SEARCH_PATHS = "$(inherited) @executable_path/Frameworks @loader_path/Frameworks";
				PRODUCT_BUNDLE_IDENTIFIER = com.jm.HelloDemoIosUITests;
				PRODUCT_NAME = "$(TARGET_NAME)";
				TEST_TARGET_NAME = HelloDemoIos;
			};
			name = Release;
		};
/* End XCBuildConfiguration section */

/* Begin XCConfigurationList section */
		E88D71711C7526420069AF05 /* Build configuration list for PBXProject "HelloDemoIos" */ = {
			isa = XCConfigurationList;
			buildConfigurations = (
				E88D719C1C7526420069AF05 /* Debug */,
				E88D719D1C7526420069AF05 /* Release */,
			);
			defaultConfigurationIsVisible = 0;
			defaultConfigurationName = Release;
		};
		E88D719E1C7526420069AF05 /* Build configuration list for PBXNativeTarget "HelloDemoIos" */ = {
			isa = XCConfigurationList;
			buildConfigurations = (
				E88D719F1C7526420069AF05 /* Debug */,
				E88D71A01C7526420069AF05 /* Release */,
			);
			defaultConfigurationIsVisible = 0;
		};
		E88D71A11C7526420069AF05 /* Build configuration list for PBXNativeTarget "HelloDemoIosTests" */ = {
			isa = XCConfigurationList;
			buildConfigurations = (
				E88D71A21C7526420069AF05 /* Debug */,
				E88D71A31C7526420069AF05 /* Release */,
			);
			defaultConfigurationIsVisible = 0;
		};
		E88D71A41C7526420069AF05 /* Build configuration list for PBXNativeTarget "HelloDemoIosUITests" */ = {
			isa = XCConfigurationList;
			buildConfigurations = (
				E88D71A51C7526420069AF05 /* Debug */,
				E88D71A61C7526420069AF05 /* Release */,
			);
			defaultConfigurationIsVisible = 0;
		};
/* End XCConfigurationList section */
	};
	rootObject = E88D716E1C7526420069AF05 /* Project object */;
}
